
Microsoft Visual Studio Solution File, Format Version 12.00
# Visual Studio 15
VisualStudioVersion = 15.0.28307.421
MinimumVisualStudioVersion = 10.0.40219.1
Project("{FAE04EC0-301F-11D3-BF4B-00C04F79EFBC}") = "AuthorizationBundle", "AuthorizationBundle\AuthorizationBundle.csproj", "{8D811C54-030B-4C4B-9C13-ED854DFD1241}"
EndProject
Global
	GlobalSection(SolutionConfigurationPlatforms) = preSolution
		Debug|Any CPU = Debug|Any CPU
		Release|Any CPU = Release|Any CPU
	EndGlobalSection
	GlobalSection(ProjectConfigurationPlatforms) = postSolution
		{8D811C54-030B-4C4B-9C13-ED854DFD1241}.Debug|Any CPU.ActiveCfg = Debug|Any CPU
		{8D811C54-030B-4C4B-9C13-ED854DFD1241}.Debug|Any CPU.Build.0 = Debug|Any CPU
		{8D811C54-030B-4C4B-9C13-ED854DFD1241}.Release|Any CPU.ActiveCfg = Release|Any CPU
		{8D811C54-030B-4C4B-9C13-ED854DFD1241}.Release|Any CPU.Build.0 = Release|Any CPU
	EndGlobalSection
	GlobalSection(SolutionProperties) = preSolution
		HideSolutionNode = FALSE
	EndGlobalSection
	GlobalSection(ExtensibilityGlobals) = postSolution
		SolutionGuid = {BB0C0110-D074-4A4D-99D4-A28149D7F205}
	EndGlobalSection
EndGlobal
